// !$*UTF8*$!
{
	archiveVersion = 1;
	classes = {
	};
	objectVersion = 56;
	objects = {

/* Begin PBXBuildFile section */
		A32DC0462A8E529F00FFD42E /* KoreasyApp.swift in Sources */ = {isa = PBXBuildFile; fileRef = A32DC0452A8E529F00FFD42E /* KoreasyApp.swift */; };
		A32DC0482A8E529F00FFD42E /* ContentView.swift in Sources */ = {isa = PBXBuildFile; fileRef = A32DC0472A8E529F00FFD42E /* ContentView.swift */; };
		A32DC04A2A8E52A000FFD42E /* Assets.xcassets in Resources */ = {isa = PBXBuildFile; fileRef = A32DC0492A8E52A000FFD42E /* Assets.xcassets */; };
		A32DC04D2A8E52A000FFD42E /* Preview Assets.xcassets in Resources */ = {isa = PBXBuildFile; fileRef = A32DC04C2A8E52A000FFD42E /* Preview Assets.xcassets */; };
		A32DC0572A8E52A000FFD42E /* KoreasyTests.swift in Sources */ = {isa = PBXBuildFile; fileRef = A32DC0562A8E52A000FFD42E /* KoreasyTests.swift */; };
		A32DC0612A8E52A000FFD42E /* KoreasyUITests.swift in Sources */ = {isa = PBXBuildFile; fileRef = A32DC0602A8E52A000FFD42E /* KoreasyUITests.swift */; };
		A32DC0632A8E52A000FFD42E /* KoreasyUITestsLaunchTests.swift in Sources */ = {isa = PBXBuildFile; fileRef = A32DC0622A8E52A000FFD42E /* KoreasyUITestsLaunchTests.swift */; };
		A32DC0712A8E5BB100FFD42E /* WebView.swift in Sources */ = {isa = PBXBuildFile; fileRef = A32DC0702A8E5BB100FFD42E /* WebView.swift */; };
/* End PBXBuildFile section */

/* Begin PBXContainerItemProxy section */
		A32DC0532A8E52A000FFD42E /* PBXContainerItemProxy */ = {
			isa = PBXContainerItemProxy;
			containerPortal = A32DC03A2A8E529E00FFD42E /* Project object */;
			proxyType = 1;
			remoteGlobalIDString = A32DC0412A8E529E00FFD42E;
			remoteInfo = Koreasy;
		};
		A32DC05D2A8E52A000FFD42E /* PBXContainerItemProxy */ = {
			isa = PBXContainerItemProxy;
			containerPortal = A32DC03A2A8E529E00FFD42E /* Project object */;
			proxyType = 1;
			remoteGlobalIDString = A32DC0412A8E529E00FFD42E;
			remoteInfo = Koreasy;
		};
/* End PBXContainerItemProxy section */

/* Begin PBXFileReference section */
		A32DC0422A8E529F00FFD42E /* Koreasy.app */ = {isa = PBXFileReference; explicitFileType = wrapper.application; includeInIndex = 0; path = Koreasy.app; sourceTree = BUILT_PRODUCTS_DIR; };
		A32DC0452A8E529F00FFD42E /* KoreasyApp.swift */ = {isa = PBXFileReference; lastKnownFileType = sourcecode.swift; path = KoreasyApp.swift; sourceTree = "<group>"; };
		A32DC0472A8E529F00FFD42E /* ContentView.swift */ = {isa = PBXFileReference; lastKnownFileType = sourcecode.swift; path = ContentView.swift; sourceTree = "<group>"; };
		A32DC0492A8E52A000FFD42E /* Assets.xcassets */ = {isa = PBXFileReference; lastKnownFileType = folder.assetcatalog; path = Assets.xcassets; sourceTree = "<group>"; };
		A32DC04C2A8E52A000FFD42E /* Preview Assets.xcassets */ = {isa = PBXFileReference; lastKnownFileType = folder.assetcatalog; path = "Preview Assets.xcassets"; sourceTree = "<group>"; };
		A32DC0522A8E52A000FFD42E /* KoreasyTests.xctest */ = {isa = PBXFileReference; explicitFileType = wrapper.cfbundle; includeInIndex = 0; path = KoreasyTests.xctest; sourceTree = BUILT_PRODUCTS_DIR; };
		A32DC0562A8E52A000FFD42E /* KoreasyTests.swift */ = {isa = PBXFileReference; lastKnownFileType = sourcecode.swift; path = KoreasyTests.swift; sourceTree = "<group>"; };
		A32DC05C2A8E52A000FFD42E /* KoreasyUITests.xctest */ = {isa = PBXFileReference; explicitFileType = wrapper.cfbundle; includeInIndex = 0; path = KoreasyUITests.xctest; sourceTree = BUILT_PRODUCTS_DIR; };
		A32DC0602A8E52A000FFD42E /* KoreasyUITests.swift */ = {isa = PBXFileReference; lastKnownFileType = sourcecode.swift; path = KoreasyUITests.swift; sourceTree = "<group>"; };
		A32DC0622A8E52A000FFD42E /* KoreasyUITestsLaunchTests.swift */ = {isa = PBXFileReference; lastKnownFileType = sourcecode.swift; path = KoreasyUITestsLaunchTests.swift; sourceTree = "<group>"; };
		A32DC06F2A8E5A9700FFD42E /* Info.plist */ = {isa = PBXFileReference; lastKnownFileType = text.plist; path = Info.plist; sourceTree = "<group>"; };
		A32DC0702A8E5BB100FFD42E /* WebView.swift */ = {isa = PBXFileReference; lastKnownFileType = sourcecode.swift; path = WebView.swift; sourceTree = "<group>"; };
/* End PBXFileReference section */

/* Begin PBXFrameworksBuildPhase section */
		A32DC03F2A8E529E00FFD42E /* Frameworks */ = {
			isa = PBXFrameworksBuildPhase;
			buildActionMask = 2147483647;
			files = (
			);
			runOnlyForDeploymentPostprocessing = 0;
		};
		A32DC04F2A8E52A000FFD42E /* Frameworks */ = {
			isa = PBXFrameworksBuildPhase;
			buildActionMask = 2147483647;
			files = (
			);
			runOnlyForDeploymentPostprocessing = 0;
		};
		A32DC0592A8E52A000FFD42E /* Frameworks */ = {
			isa = PBXFrameworksBuildPhase;
			buildActionMask = 2147483647;
			files = (
			);
			runOnlyForDeploymentPostprocessing = 0;
		};
/* End PBXFrameworksBuildPhase section */

/* Begin PBXGroup section */
		A32DC0392A8E529E00FFD42E = {
			isa = PBXGroup;
			children = (
				A32DC0442A8E529F00FFD42E /* Koreasy */,
				A32DC0552A8E52A000FFD42E /* KoreasyTests */,
				A32DC05F2A8E52A000FFD42E /* KoreasyUITests */,
				A32DC0432A8E529F00FFD42E /* Products */,
			);
			sourceTree = "<group>";
		};
		A32DC0432A8E529F00FFD42E /* Products */ = {
			isa = PBXGroup;
			children = (
				A32DC0422A8E529F00FFD42E /* Koreasy.app */,
				A32DC0522A8E52A000FFD42E /* KoreasyTests.xctest */,
				A32DC05C2A8E52A000FFD42E /* KoreasyUITests.xctest */,
			);
			name = Products;
			sourceTree = "<group>";
		};
		A32DC0442A8E529F00FFD42E /* Koreasy */ = {
			isa = PBXGroup;
			children = (
				A32DC06F2A8E5A9700FFD42E /* Info.plist */,
				A32DC0452A8E529F00FFD42E /* KoreasyApp.swift */,
				A32DC0472A8E529F00FFD42E /* ContentView.swift */,
				A32DC0702A8E5BB100FFD42E /* WebView.swift */,
				A32DC0492A8E52A000FFD42E /* Assets.xcassets */,
				A32DC04B2A8E52A000FFD42E /* Preview Content */,
			);
			path = Koreasy;
			sourceTree = "<group>";
		};
		A32DC04B2A8E52A000FFD42E /* Preview Content */ = {
			isa = PBXGroup;
			children = (
				A32DC04C2A8E52A000FFD42E /* Preview Assets.xcassets */,
			);
			path = "Preview Content";
			sourceTree = "<group>";
		};
		A32DC0552A8E52A000FFD42E /* KoreasyTests */ = {
			isa = PBXGroup;
			children = (
				A32DC0562A8E52A000FFD42E /* KoreasyTests.swift */,
			);
			path = KoreasyTests;
			sourceTree = "<group>";
		};
		A32DC05F2A8E52A000FFD42E /* KoreasyUITests */ = {
			isa = PBXGroup;
			children = (
				A32DC0602A8E52A000FFD42E /* KoreasyUITests.swift */,
				A32DC0622A8E52A000FFD42E /* KoreasyUITestsLaunchTests.swift */,
			);
			path = KoreasyUITests;
			sourceTree = "<group>";
		};
/* End PBXGroup section */

/* Begin PBXNativeTarget section */
		A32DC0412A8E529E00FFD42E /* Koreasy */ = {
			isa = PBXNativeTarget;
			buildConfigurationList = A32DC0662A8E52A000FFD42E /* Build configuration list for PBXNativeTarget "Koreasy" */;
			buildPhases = (
				A32DC03E2A8E529E00FFD42E /* Sources */,
				A32DC03F2A8E529E00FFD42E /* Frameworks */,
				A32DC0402A8E529E00FFD42E /* Resources */,
			);
			buildRules = (
			);
			dependencies = (
			);
			name = Koreasy;
			productName = Koreasy;
			productReference = A32DC0422A8E529F00FFD42E /* Koreasy.app */;
			productType = "com.apple.product-type.application";
		};
		A32DC0512A8E52A000FFD42E /* KoreasyTests */ = {
			isa = PBXNativeTarget;
			buildConfigurationList = A32DC0692A8E52A000FFD42E /* Build configuration list for PBXNativeTarget "KoreasyTests" */;
			buildPhases = (
				A32DC04E2A8E52A000FFD42E /* Sources */,
				A32DC04F2A8E52A000FFD42E /* Frameworks */,
				A32DC0502A8E52A000FFD42E /* Resources */,
			);
			buildRules = (
			);
			dependencies = (
				A32DC0542A8E52A000FFD42E /* PBXTargetDependency */,
			);
			name = KoreasyTests;
			productName = KoreasyTests;
			productReference = A32DC0522A8E52A000FFD42E /* KoreasyTests.xctest */;
			productType = "com.apple.product-type.bundle.unit-test";
		};
		A32DC05B2A8E52A000FFD42E /* KoreasyUITests */ = {
			isa = PBXNativeTarget;
			buildConfigurationList = A32DC06C2A8E52A000FFD42E /* Build configuration list for PBXNativeTarget "KoreasyUITests" */;
			buildPhases = (
				A32DC0582A8E52A000FFD42E /* Sources */,
				A32DC0592A8E52A000FFD42E /* Frameworks */,
				A32DC05A2A8E52A000FFD42E /* Resources */,
			);
			buildRules = (
			);
			dependencies = (
				A32DC05E2A8E52A000FFD42E /* PBXTargetDependency */,
			);
			name = KoreasyUITests;
			productName = KoreasyUITests;
			productReference = A32DC05C2A8E52A000FFD42E /* KoreasyUITests.xctest */;
			productType = "com.apple.product-type.bundle.ui-testing";
		};
/* End PBXNativeTarget section */

/* Begin PBXProject section */
		A32DC03A2A8E529E00FFD42E /* Project object */ = {
			isa = PBXProject;
			attributes = {
				BuildIndependentTargetsInParallel = 1;
				LastSwiftUpdateCheck = 1430;
				LastUpgradeCheck = 1430;
				TargetAttributes = {
					A32DC0412A8E529E00FFD42E = {
						CreatedOnToolsVersion = 14.3.1;
					};
					A32DC0512A8E52A000FFD42E = {
						CreatedOnToolsVersion = 14.3.1;
						TestTargetID = A32DC0412A8E529E00FFD42E;
					};
					A32DC05B2A8E52A000FFD42E = {
						CreatedOnToolsVersion = 14.3.1;
						TestTargetID = A32DC0412A8E529E00FFD42E;
					};
				};
			};
			buildConfigurationList = A32DC03D2A8E529E00FFD42E /* Build configuration list for PBXProject "Koreasy" */;
			compatibilityVersion = "Xcode 14.0";
			developmentRegion = en;
			hasScannedForEncodings = 0;
			knownRegions = (
				en,
				Base,
			);
			mainGroup = A32DC0392A8E529E00FFD42E;
			productRefGroup = A32DC0432A8E529F00FFD42E /* Products */;
			projectDirPath = "";
			projectRoot = "";
			targets = (
				A32DC0412A8E529E00FFD42E /* Koreasy */,
				A32DC0512A8E52A000FFD42E /* KoreasyTests */,
				A32DC05B2A8E52A000FFD42E /* KoreasyUITests */,
			);
		};
/* End PBXProject section */

/* Begin PBXResourcesBuildPhase section */
		A32DC0402A8E529E00FFD42E /* Resources */ = {
			isa = PBXResourcesBuildPhase;
			buildActionMask = 2147483647;
			files = (
				A32DC04D2A8E52A000FFD42E /* Preview Assets.xcassets in Resources */,
				A32DC04A2A8E52A000FFD42E /* Assets.xcassets in Resources */,
			);
			runOnlyForDeploymentPostprocessing = 0;
		};
		A32DC0502A8E52A000FFD42E /* Resources */ = {
			isa = PBXResourcesBuildPhase;
			buildActionMask = 2147483647;
			files = (
			);
			runOnlyForDeploymentPostprocessing = 0;
		};
		A32DC05A2A8E52A000FFD42E /* Resources */ = {
			isa = PBXResourcesBuildPhase;
			buildActionMask = 2147483647;
			files = (
			);
			runOnlyForDeploymentPostprocessing = 0;
		};
/* End PBXResourcesBuildPhase section */

/* Begin PBXSourcesBuildPhase section */
		A32DC03E2A8E529E00FFD42E /* Sources */ = {
			isa = PBXSourcesBuildPhase;
			buildActionMask = 2147483647;
			files = (
				A32DC0712A8E5BB100FFD42E /* WebView.swift in Sources */,
				A32DC0482A8E529F00FFD42E /* ContentView.swift in Sources */,
				A32DC0462A8E529F00FFD42E /* KoreasyApp.swift in Sources */,
			);
			runOnlyForDeploymentPostprocessing = 0;
		};
		A32DC04E2A8E52A000FFD42E /* Sources */ = {
			isa = PBXSourcesBuildPhase;
			buildActionMask = 2147483647;
			files = (
				A32DC0572A8E52A000FFD42E /* KoreasyTests.swift in Sources */,
			);
			runOnlyForDeploymentPostprocessing = 0;
		};
		A32DC0582A8E52A000FFD42E /* Sources */ = {
			isa = PBXSourcesBuildPhase;
			buildActionMask = 2147483647;
			files = (
				A32DC0612A8E52A000FFD42E /* KoreasyUITests.swift in Sources */,
				A32DC0632A8E52A000FFD42E /* KoreasyUITestsLaunchTests.swift in Sources */,
			);
			runOnlyForDeploymentPostprocessing = 0;
		};
/* End PBXSourcesBuildPhase section */

/* Begin PBXTargetDependency section */
		A32DC0542A8E52A000FFD42E /* PBXTargetDependency */ = {
			isa = PBXTargetDependency;
			target = A32DC0412A8E529E00FFD42E /* Koreasy */;
			targetProxy = A32DC0532A8E52A000FFD42E /* PBXContainerItemProxy */;
		};
		A32DC05E2A8E52A000FFD42E /* PBXTargetDependency */ = {
			isa = PBXTargetDependency;
			target = A32DC0412A8E529E00FFD42E /* Koreasy */;
			targetProxy = A32DC05D2A8E52A000FFD42E /* PBXContainerItemProxy */;
		};
/* End PBXTargetDependency section */

/* Begin XCBuildConfiguration section */
		A32DC0642A8E52A000FFD42E /* Debug */ = {
			isa = XCBuildConfiguration;
			buildSettings = {
				ALWAYS_SEARCH_USER_PATHS = NO;
				CLANG_ANALYZER_NONNULL = YES;
				CLANG_ANALYZER_NUMBER_OBJECT_CONVERSION = YES_AGGRESSIVE;
				CLANG_CXX_LANGUAGE_STANDARD = "gnu++20";
				CLANG_ENABLE_MODULES = YES;
				CLANG_ENABLE_OBJC_ARC = YES;
				CLANG_ENABLE_OBJC_WEAK = YES;
				CLANG_WARN_BLOCK_CAPTURE_AUTORELEASING = YES;
				CLANG_WARN_BOOL_CONVERSION = YES;
				CLANG_WARN_COMMA = YES;
				CLANG_WARN_CONSTANT_CONVERSION = YES;
				CLANG_WARN_DEPRECATED_OBJC_IMPLEMENTATIONS = YES;
				CLANG_WARN_DIRECT_OBJC_ISA_USAGE = YES_ERROR;
				CLANG_WARN_DOCUMENTATION_COMMENTS = YES;
				CLANG_WARN_EMPTY_BODY = YES;
				CLANG_WARN_ENUM_CONVERSION = YES;
				CLANG_WARN_INFINITE_RECURSION = YES;
				CLANG_WARN_INT_CONVERSION = YES;
				CLANG_WARN_NON_LITERAL_NULL_CONVERSION = YES;
				CLANG_WARN_OBJC_IMPLICIT_RETAIN_SELF = YES;
				CLANG_WARN_OBJC_LITERAL_CONVERSION = YES;
				CLANG_WARN_OBJC_ROOT_CLASS = YES_ERROR;
				CLANG_WARN_QUOTED_INCLUDE_IN_FRAMEWORK_HEADER = YES;
				CLANG_WARN_RANGE_LOOP_ANALYSIS = YES;
				CLANG_WARN_STRICT_PROTOTYPES = YES;
				CLANG_WARN_SUSPICIOUS_MOVE = YES;
				CLANG_WARN_UNGUARDED_AVAILABILITY = YES_AGGRESSIVE;
				CLANG_WARN_UNREACHABLE_CODE = YES;
				CLANG_WARN__DUPLICATE_METHOD_MATCH = YES;
				COPY_PHASE_STRIP = NO;
				DEBUG_INFORMATION_FORMAT = dwarf;
				ENABLE_STRICT_OBJC_MSGSEND = YES;
				ENABLE_TESTABILITY = YES;
				GCC_C_LANGUAGE_STANDARD = gnu11;
				GCC_DYNAMIC_NO_PIC = NO;
				GCC_NO_COMMON_BLOCKS = YES;
				GCC_OPTIMIZATION_LEVEL = 0;
				GCC_PREPROCESSOR_DEFINITIONS = (
					"DEBUG=1",
					"$(inherited)",
				);
				GCC_WARN_64_TO_32_BIT_CONVERSION = YES;
				GCC_WARN_ABOUT_RETURN_TYPE = YES_ERROR;
				GCC_WARN_UNDECLARED_SELECTOR = YES;
				GCC_WARN_UNINITIALIZED_AUTOS = YES_AGGRESSIVE;
				GCC_WARN_UNUSED_FUNCTION = YES;
				GCC_WARN_UNUSED_VARIABLE = YES;
				IPHONEOS_DEPLOYMENT_TARGET = 16.4;
				MTL_ENABLE_DEBUG_INFO = INCLUDE_SOURCE;
				MTL_FAST_MATH = YES;
				ONLY_ACTIVE_ARCH = YES;
				SDKROOT = iphoneos;
				SWIFT_ACTIVE_COMPILATION_CONDITIONS = DEBUG;
				SWIFT_OPTIMIZATION_LEVEL = "-Onone";
			};
			name = Debug;
		};
		A32DC0652A8E52A000FFD42E /* Release */ = {
			isa = XCBuildConfiguration;
			buildSettings = {
				ALWAYS_SEARCH_USER_PATHS = NO;
				CLANG_ANALYZER_NONNULL = YES;
				CLANG_ANALYZER_NUMBER_OBJECT_CONVERSION = YES_AGGRESSIVE;
				CLANG_CXX_LANGUAGE_STANDARD = "gnu++20";
				CLANG_ENABLE_MODULES = YES;
				CLANG_ENABLE_OBJC_ARC = YES;
				CLANG_ENABLE_OBJC_WEAK = YES;
				CLANG_WARN_BLOCK_CAPTURE_AUTORELEASING = YES;
				CLANG_WARN_BOOL_CONVERSION = YES;
				CLANG_WARN_COMMA = YES;
				CLANG_WARN_CONSTANT_CONVERSION = YES;
				CLANG_WARN_DEPRECATED_OBJC_IMPLEMENTATIONS = YES;
				CLANG_WARN_DIRECT_OBJC_ISA_USAGE = YES_ERROR;
				CLANG_WARN_DOCUMENTATION_COMMENTS = YES;
				CLANG_WARN_EMPTY_BODY = YES;
				CLANG_WARN_ENUM_CONVERSION = YES;
				CLANG_WARN_INFINITE_RECURSION = YES;
				CLANG_WARN_INT_CONVERSION = YES;
				CLANG_WARN_NON_LITERAL_NULL_CONVERSION = YES;
				CLANG_WARN_OBJC_IMPLICIT_RETAIN_SELF = YES;
				CLANG_WARN_OBJC_LITERAL_CONVERSION = YES;
				CLANG_WARN_OBJC_ROOT_CLASS = YES_ERROR;
				CLANG_WARN_QUOTED_INCLUDE_IN_FRAMEWORK_HEADER = YES;
				CLANG_WARN_RANGE_LOOP_ANALYSIS = YES;
				CLANG_WARN_STRICT_PROTOTYPES = YES;
				CLANG_WARN_SUSPICIOUS_MOVE = YES;
				CLANG_WARN_UNGUARDED_AVAILABILITY = YES_AGGRESSIVE;
				CLANG_WARN_UNREACHABLE_CODE = YES;
				CLANG_WARN__DUPLICATE_METHOD_MATCH = YES;
				COPY_PHASE_STRIP = NO;
				DEBUG_INFORMATION_FORMAT = "dwarf-with-dsym";
				ENABLE_NS_ASSERTIONS = NO;
				ENABLE_STRICT_OBJC_MSGSEND = YES;
				GCC_C_LANGUAGE_STANDARD = gnu11;
				GCC_NO_COMMON_BLOCKS = YES;
				GCC_WARN_64_TO_32_BIT_CONVERSION = YES;
				GCC_WARN_ABOUT_RETURN_TYPE = YES_ERROR;
				GCC_WARN_UNDECLARED_SELECTOR = YES;
				GCC_WARN_UNINITIALIZED_AUTOS = YES_AGGRESSIVE;
				GCC_WARN_UNUSED_FUNCTION = YES;
				GCC_WARN_UNUSED_VARIABLE = YES;
				IPHONEOS_DEPLOYMENT_TARGET = 16.4;
				MTL_ENABLE_DEBUG_INFO = NO;
				MTL_FAST_MATH = YES;
				SDKROOT = iphoneos;
				SWIFT_COMPILATION_MODE = wholemodule;
				SWIFT_OPTIMIZATION_LEVEL = "-O";
				VALIDATE_PRODUCT = YES;
			};
			name = Release;
		};
		A32DC0672A8E52A000FFD42E /* Debug */ = {
			isa = XCBuildConfiguration;
			buildSettings = {
				ASSETCATALOG_COMPILER_APPICON_NAME = AppIcon;
				ASSETCATALOG_COMPILER_GLOBAL_ACCENT_COLOR_NAME = AccentColor;
				CODE_SIGN_STYLE = Automatic;
				CURRENT_PROJECT_VERSION = 1;
				DEVELOPMENT_ASSET_PATHS = "\"Koreasy/Preview Content\"";
				DEVELOPMENT_TEAM = HN3RL67C46;
				ENABLE_PREVIEWS = YES;
				GENERATE_INFOPLIST_FILE = YES;
				INFOPLIST_FILE = Koreasy/Info.plist;
				INFOPLIST_KEY_UIApplicationSceneManifest_Generation = YES;
				INFOPLIST_KEY_UIApplicationSupportsIndirectInputEvents = YES;
				INFOPLIST_KEY_UILaunchScreen_Generation = YES;
				INFOPLIST_KEY_UISupportedInterfaceOrientations_iPad = "UIInterfaceOrientationPortrait UIInterfaceOrientationPortraitUpsideDown UIInterfaceOrientationLandscapeLeft UIInterfaceOrientationLandscapeRight";
				INFOPLIST_KEY_UISupportedInterfaceOrientations_iPhone = "UIInterfaceOrientationPortrait UIInterfaceOrientationLandscapeLeft UIInterfaceOrientationLandscapeRight";
				LD_RUNPATH_SEARCH_PATHS = (
					"$(inherited)",
					"@executable_path/Frameworks",
				);
				MARKETING_VERSION = 1.0;
				PRODUCT_BUNDLE_IDENTIFIER = com.halogen.Koreasy;
				PRODUCT_NAME = "$(TARGET_NAME)";
				SWIFT_EMIT_LOC_STRINGS = YES;
				SWIFT_VERSION = 5.0;
				TARGETED_DEVICE_FAMILY = "1,2";
			};
			name = Debug;
		};
		A32DC0682A8E52A000FFD42E /* Release */ = {
			isa = XCBuildConfiguration;
			buildSettings = {
				ASSETCATALOG_COMPILER_APPICON_NAME = AppIcon;
				ASSETCATALOG_COMPILER_GLOBAL_ACCENT_COLOR_NAME = AccentColor;
				CODE_SIGN_STYLE = Automatic;
				CURRENT_PROJECT_VERSION = 1;
				DEVELOPMENT_ASSET_PATHS = "\"Koreasy/Preview Content\"";
				DEVELOPMENT_TEAM = HN3RL67C46;
				ENABLE_PREVIEWS = YES;
				GENERATE_INFOPLIST_FILE = YES;
				INFOPLIST_FILE = Koreasy/Info.plist;
				INFOPLIST_KEY_UIApplicationSceneManifest_Generation = YES;
				INFOPLIST_KEY_UIApplicationSupportsIndirectInputEvents = YES;
				INFOPLIST_KEY_UILaunchScreen_Generation = YES;
				INFOPLIST_KEY_UISupportedInterfaceOrientations_iPad = "UIInterfaceOrientationPortrait UIInterfaceOrientationPortraitUpsideDown UIInterfaceOrientationLandscapeLeft UIInterfaceOrientationLandscapeRight";
				INFOPLIST_KEY_UISupportedInterfaceOrientations_iPhone = "UIInterfaceOrientationPortrait UIInterfaceOrientationLandscapeLeft UIInterfaceOrientationLandscapeRight";
				LD_RUNPATH_SEARCH_PATHS = (
					"$(inherited)",
					"@executable_path/Frameworks",
				);
				MARKETING_VERSION = 1.0;
				PRODUCT_BUNDLE_IDENTIFIER = com.halogen.Koreasy;
				PRODUCT_NAME = "$(TARGET_NAME)";
				SWIFT_EMIT_LOC_STRINGS = YES;
				SWIFT_VERSION = 5.0;
				TARGETED_DEVICE_FAMILY = "1,2";
			};
			name = Release;
		};
		A32DC06A2A8E52A000FFD42E /* Debug */ = {
			isa = XCBuildConfiguration;
			buildSettings = {
				ALWAYS_EMBED_SWIFT_STANDARD_LIBRARIES = YES;
				BUNDLE_LOADER = "$(TEST_HOST)";
				CODE_SIGN_STYLE = Automatic;
				CURRENT_PROJECT_VERSION = 1;
				DEVELOPMENT_TEAM = HN3RL67C46;
				GENERATE_INFOPLIST_FILE = YES;
				IPHONEOS_DEPLOYMENT_TARGET = 16.4;
				MARKETING_VERSION = 1.0;
				PRODUCT_BUNDLE_IDENTIFIER = com.halogen.KoreasyTests;
				PRODUCT_NAME = "$(TARGET_NAME)";
				SWIFT_EMIT_LOC_STRINGS = NO;
				SWIFT_VERSION = 5.0;
				TARGETED_DEVICE_FAMILY = "1,2";
				TEST_HOST = "$(BUILT_PRODUCTS_DIR)/Koreasy.app/$(BUNDLE_EXECUTABLE_FOLDER_PATH)/Koreasy";
			};
			name = Debug;
		};
		A32DC06B2A8E52A000FFD42E /* Release */ = {
			isa = XCBuildConfiguration;
			buildSettings = {
				ALWAYS_EMBED_SWIFT_STANDARD_LIBRARIES = YES;
				BUNDLE_LOADER = "$(TEST_HOST)";
				CODE_SIGN_STYLE = Automatic;
				CURRENT_PROJECT_VERSION = 1;
				DEVELOPMENT_TEAM = HN3RL67C46;
				GENERATE_INFOPLIST_FILE = YES;
				IPHONEOS_DEPLOYMENT_TARGET = 16.4;
				MARKETING_VERSION = 1.0;
				PRODUCT_BUNDLE_IDENTIFIER = com.halogen.KoreasyTests;
				PRODUCT_NAME = "$(TARGET_NAME)";
				SWIFT_EMIT_LOC_STRINGS = NO;
				SWIFT_VERSION = 5.0;
				TARGETED_DEVICE_FAMILY = "1,2";
				TEST_HOST = "$(BUILT_PRODUCTS_DIR)/Koreasy.app/$(BUNDLE_EXECUTABLE_FOLDER_PATH)/Koreasy";
			};
			name = Release;
		};
		A32DC06D2A8E52A000FFD42E /* Debug */ = {
			isa = XCBuildConfiguration;
			buildSettings = {
				ALWAYS_EMBED_SWIFT_STANDARD_LIBRARIES = YES;
				CODE_SIGN_STYLE = Automatic;
				CURRENT_PROJECT_VERSION = 1;
				DEVELOPMENT_TEAM = HN3RL67C46;
				GENERATE_INFOPLIST_FILE = YES;
				MARKETING_VERSION = 1.0;
				PRODUCT_BUNDLE_IDENTIFIER = com.halogen.KoreasyUITests;
				PRODUCT_NAME = "$(TARGET_NAME)";
				SWIFT_EMIT_LOC_STRINGS = NO;
				SWIFT_VERSION = 5.0;
				TARGETED_DEVICE_FAMILY = "1,2";
				TEST_TARGET_NAME = Koreasy;
			};
			name = Debug;
		};
		A32DC06E2A8E52A000FFD42E /* Release */ = {
			isa = XCBuildConfiguration;
			buildSettings = {
				ALWAYS_EMBED_SWIFT_STANDARD_LIBRARIES = YES;
				CODE_SIGN_STYLE = Automatic;
				CURRENT_PROJECT_VERSION = 1;
				DEVELOPMENT_TEAM = HN3RL67C46;
				GENERATE_INFOPLIST_FILE = YES;
				MARKETING_VERSION = 1.0;
				PRODUCT_BUNDLE_IDENTIFIER = com.halogen.KoreasyUITests;
				PRODUCT_NAME = "$(TARGET_NAME)";
				SWIFT_EMIT_LOC_STRINGS = NO;
				SWIFT_VERSION = 5.0;
				TARGETED_DEVICE_FAMILY = "1,2";
				TEST_TARGET_NAME = Koreasy;
			};
			name = Release;
		};
/* End XCBuildConfiguration section */

/* Begin XCConfigurationList section */
		A32DC03D2A8E529E00FFD42E /* Build configuration list for PBXProject "Koreasy" */ = {
			isa = XCConfigurationList;
			buildConfigurations = (
				A32DC0642A8E52A000FFD42E /* Debug */,
				A32DC0652A8E52A000FFD42E /* Release */,
			);
			defaultConfigurationIsVisible = 0;
			defaultConfigurationName = Release;
		};
		A32DC0662A8E52A000FFD42E /* Build configuration list for PBXNativeTarget "Koreasy" */ = {
			isa = XCConfigurationList;
			buildConfigurations = (
				A32DC0672A8E52A000FFD42E /* Debug */,
				A32DC0682A8E52A000FFD42E /* Release */,
			);
			defaultConfigurationIsVisible = 0;
			defaultConfigurationName = Release;
		};
		A32DC0692A8E52A000FFD42E /* Build configuration list for PBXNativeTarget "KoreasyTests" */ = {
			isa = XCConfigurationList;
			buildConfigurations = (
				A32DC06A2A8E52A000FFD42E /* Debug */,
				A32DC06B2A8E52A000FFD42E /* Release */,
			);
			defaultConfigurationIsVisible = 0;
			defaultConfigurationName = Release;
		};
		A32DC06C2A8E52A000FFD42E /* Build configuration list for PBXNativeTarget "KoreasyUITests" */ = {
			isa = XCConfigurationList;
			buildConfigurations = (
				A32DC06D2A8E52A000FFD42E /* Debug */,
				A32DC06E2A8E52A000FFD42E /* Release */,
			);
			defaultConfigurationIsVisible = 0;
			defaultConfigurationName = Release;
		};
/* End XCConfigurationList section */
	};
	rootObject = A32DC03A2A8E529E00FFD42E /* Project object */;
}
